// !$*UTF8*$!
{
	archiveVersion = 1;
	classes = {
	};
	objectVersion = 50;
	objects = {

/* Begin PBXBuildFile section */
		7B3EAAB526076EFC00883889 /* TabBarCoordinatorTests.swift in Sources */ = {isa = PBXBuildFile; fileRef = 7B3EAAB426076EFC00883889 /* TabBarCoordinatorTests.swift */; };
		7B3EAAB92607755E00883889 /* SearchCoordinatorTests.swift in Sources */ = {isa = PBXBuildFile; fileRef = 7B3EAAB82607755E00883889 /* SearchCoordinatorTests.swift */; };
		7B3EAABD260775C100883889 /* MockModuleFactory.swift in Sources */ = {isa = PBXBuildFile; fileRef = 7B3EAABC260775C100883889 /* MockModuleFactory.swift */; };
		7B3EAAC126077A3400883889 /* ModuleFactoryTests.swift in Sources */ = {isa = PBXBuildFile; fileRef = 7B3EAAC026077A3400883889 /* ModuleFactoryTests.swift */; };
		7B3ECFB32609D04F00A55580 /* TabBarControllerTests.swift in Sources */ = {isa = PBXBuildFile; fileRef = 7B3ECFB22609D04F00A55580 /* TabBarControllerTests.swift */; };
		7BADA8BE25EA4E6E00624602 /* AppDelegate.swift in Sources */ = {isa = PBXBuildFile; fileRef = 7BADA8BD25EA4E6E00624602 /* AppDelegate.swift */; };
		7BADA8C025EA4E6E00624602 /* SceneDelegate.swift in Sources */ = {isa = PBXBuildFile; fileRef = 7BADA8BF25EA4E6E00624602 /* SceneDelegate.swift */; };
		7BADA8C725EA4E6F00624602 /* Assets.xcassets in Resources */ = {isa = PBXBuildFile; fileRef = 7BADA8C625EA4E6F00624602 /* Assets.xcassets */; };
		7BADA8CA25EA4E6F00624602 /* LaunchScreen.storyboard in Resources */ = {isa = PBXBuildFile; fileRef = 7BADA8C825EA4E6F00624602 /* LaunchScreen.storyboard */; };
		7BADA8F425EA7E7000624602 /* RouterProtocol.swift in Sources */ = {isa = PBXBuildFile; fileRef = 7BADA8F325EA7E7000624602 /* RouterProtocol.swift */; };
		7BADA8F825EA7EBA00624602 /* Router.swift in Sources */ = {isa = PBXBuildFile; fileRef = 7BADA8F725EA7EBA00624602 /* Router.swift */; };
		7BADA8FC25EAACCE00624602 /* Presentable.swift in Sources */ = {isa = PBXBuildFile; fileRef = 7BADA8FB25EAACCE00624602 /* Presentable.swift */; };
		7BADA90125EAC77300624602 /* RouterTests.swift in Sources */ = {isa = PBXBuildFile; fileRef = 7BADA90025EAC77300624602 /* RouterTests.swift */; };
		7BADA90625EB88CD00624602 /* MockNavigationController.swift in Sources */ = {isa = PBXBuildFile; fileRef = 7BADA90525EB88CD00624602 /* MockNavigationController.swift */; };
		7BADA90C25EE609C00624602 /* CoordinatorProtocol.swift in Sources */ = {isa = PBXBuildFile; fileRef = 7BADA90B25EE609C00624602 /* CoordinatorProtocol.swift */; };
		7BADA91125EE62D100624602 /* BaseCoordinator.swift in Sources */ = {isa = PBXBuildFile; fileRef = 7BADA91025EE62D100624602 /* BaseCoordinator.swift */; };
		7BADA91825EE75E800624602 /* BaseCoordinatorTests.swift in Sources */ = {isa = PBXBuildFile; fileRef = 7BADA91725EE75E800624602 /* BaseCoordinatorTests.swift */; };
		7BADA91E25EFB36D00624602 /* AppCoordinator.swift in Sources */ = {isa = PBXBuildFile; fileRef = 7BADA91D25EFB36D00624602 /* AppCoordinator.swift */; };
		7BADA92225EFB70D00624602 /* CoordinatorFactoryProtocol.swift in Sources */ = {isa = PBXBuildFile; fileRef = 7BADA92125EFB70D00624602 /* CoordinatorFactoryProtocol.swift */; };
		7BADA92725EFB88700624602 /* CoordinatorFactory.swift in Sources */ = {isa = PBXBuildFile; fileRef = 7BADA92625EFB88700624602 /* CoordinatorFactory.swift */; };
		7BADA92D25EFCD2C00624602 /* TabBarCoordinator.swift in Sources */ = {isa = PBXBuildFile; fileRef = 7BADA92C25EFCD2C00624602 /* TabBarCoordinator.swift */; };
		7BADA93325EFD17300624602 /* TabBarController.swift in Sources */ = {isa = PBXBuildFile; fileRef = 7BADA93225EFD17300624602 /* TabBarController.swift */; };
		7BADA93925EFD20200624602 /* TabBarRoute.swift in Sources */ = {isa = PBXBuildFile; fileRef = 7BADA93825EFD20200624602 /* TabBarRoute.swift */; };
		7BADA93D25EFDB5A00624602 /* SearchCoordinator.swift in Sources */ = {isa = PBXBuildFile; fileRef = 7BADA93C25EFDB5A00624602 /* SearchCoordinator.swift */; };
		7BADA94125F268F500624602 /* ModuleFactoryProtocol.swift in Sources */ = {isa = PBXBuildFile; fileRef = 7BADA94025F268F500624602 /* ModuleFactoryProtocol.swift */; };
		7BADA94725F26EE300624602 /* ModuleFactory.swift in Sources */ = {isa = PBXBuildFile; fileRef = 7BADA94625F26EE300624602 /* ModuleFactory.swift */; };
		7BADA94C25F2895100624602 /* CoordinatorFactoryTests.swift in Sources */ = {isa = PBXBuildFile; fileRef = 7BADA94B25F2895100624602 /* CoordinatorFactoryTests.swift */; };
		7BADA95225F28A0700624602 /* MockRouter.swift in Sources */ = {isa = PBXBuildFile; fileRef = 7BADA95125F28A0700624602 /* MockRouter.swift */; };
		7BADA95625F290DC00624602 /* AppCoordinatorTests.swift in Sources */ = {isa = PBXBuildFile; fileRef = 7BADA95525F290DC00624602 /* AppCoordinatorTests.swift */; };
		7BADA95A25F2915600624602 /* MockCoordinatorFactory.swift in Sources */ = {isa = PBXBuildFile; fileRef = 7BADA95925F2915600624602 /* MockCoordinatorFactory.swift */; };
		7BADA95E25F291F800624602 /* MockCoordinator.swift in Sources */ = {isa = PBXBuildFile; fileRef = 7BADA95D25F291F800624602 /* MockCoordinator.swift */; };
/* End PBXBuildFile section */

/* Begin PBXContainerItemProxy section */
		7BADA8DB25EA542E00624602 /* PBXContainerItemProxy */ = {
			isa = PBXContainerItemProxy;
			containerPortal = 7BADA8B225EA4E6E00624602 /* Project object */;
			proxyType = 1;
			remoteGlobalIDString = 7BADA8B925EA4E6E00624602;
			remoteInfo = WhatToWatch;
		};
/* End PBXContainerItemProxy section */

/* Begin PBXFileReference section */
		7B3EAAB426076EFC00883889 /* TabBarCoordinatorTests.swift */ = {isa = PBXFileReference; lastKnownFileType = sourcecode.swift; path = TabBarCoordinatorTests.swift; sourceTree = "<group>"; };
		7B3EAAB82607755E00883889 /* SearchCoordinatorTests.swift */ = {isa = PBXFileReference; lastKnownFileType = sourcecode.swift; path = SearchCoordinatorTests.swift; sourceTree = "<group>"; };
		7B3EAABC260775C100883889 /* MockModuleFactory.swift */ = {isa = PBXFileReference; lastKnownFileType = sourcecode.swift; path = MockModuleFactory.swift; sourceTree = "<group>"; };
		7B3EAAC026077A3400883889 /* ModuleFactoryTests.swift */ = {isa = PBXFileReference; lastKnownFileType = sourcecode.swift; path = ModuleFactoryTests.swift; sourceTree = "<group>"; };
		7B3ECFB22609D04F00A55580 /* TabBarControllerTests.swift */ = {isa = PBXFileReference; lastKnownFileType = sourcecode.swift; path = TabBarControllerTests.swift; sourceTree = "<group>"; };
		7BADA8BA25EA4E6E00624602 /* WhatToWatch.app */ = {isa = PBXFileReference; explicitFileType = wrapper.application; includeInIndex = 0; path = WhatToWatch.app; sourceTree = BUILT_PRODUCTS_DIR; };
		7BADA8BD25EA4E6E00624602 /* AppDelegate.swift */ = {isa = PBXFileReference; lastKnownFileType = sourcecode.swift; path = AppDelegate.swift; sourceTree = "<group>"; };
		7BADA8BF25EA4E6E00624602 /* SceneDelegate.swift */ = {isa = PBXFileReference; lastKnownFileType = sourcecode.swift; path = SceneDelegate.swift; sourceTree = "<group>"; };
		7BADA8C625EA4E6F00624602 /* Assets.xcassets */ = {isa = PBXFileReference; lastKnownFileType = folder.assetcatalog; path = Assets.xcassets; sourceTree = "<group>"; };
		7BADA8C925EA4E6F00624602 /* Base */ = {isa = PBXFileReference; lastKnownFileType = file.storyboard; name = Base; path = Base.lproj/LaunchScreen.storyboard; sourceTree = "<group>"; };
		7BADA8CB25EA4E6F00624602 /* Info.plist */ = {isa = PBXFileReference; lastKnownFileType = text.plist.xml; path = Info.plist; sourceTree = "<group>"; };
		7BADA8D625EA542E00624602 /* WhatToWatchTests.xctest */ = {isa = PBXFileReference; explicitFileType = wrapper.cfbundle; includeInIndex = 0; path = WhatToWatchTests.xctest; sourceTree = BUILT_PRODUCTS_DIR; };
		7BADA8DA25EA542E00624602 /* Info.plist */ = {isa = PBXFileReference; lastKnownFileType = text.plist.xml; path = Info.plist; sourceTree = "<group>"; };
		7BADA8F325EA7E7000624602 /* RouterProtocol.swift */ = {isa = PBXFileReference; lastKnownFileType = sourcecode.swift; path = RouterProtocol.swift; sourceTree = "<group>"; };
		7BADA8F725EA7EBA00624602 /* Router.swift */ = {isa = PBXFileReference; lastKnownFileType = sourcecode.swift; path = Router.swift; sourceTree = "<group>"; };
		7BADA8FB25EAACCE00624602 /* Presentable.swift */ = {isa = PBXFileReference; lastKnownFileType = sourcecode.swift; path = Presentable.swift; sourceTree = "<group>"; };
		7BADA90025EAC77300624602 /* RouterTests.swift */ = {isa = PBXFileReference; lastKnownFileType = sourcecode.swift; path = RouterTests.swift; sourceTree = "<group>"; };
		7BADA90525EB88CD00624602 /* MockNavigationController.swift */ = {isa = PBXFileReference; lastKnownFileType = sourcecode.swift; path = MockNavigationController.swift; sourceTree = "<group>"; };
		7BADA90B25EE609C00624602 /* CoordinatorProtocol.swift */ = {isa = PBXFileReference; lastKnownFileType = sourcecode.swift; path = CoordinatorProtocol.swift; sourceTree = "<group>"; };
		7BADA91025EE62D100624602 /* BaseCoordinator.swift */ = {isa = PBXFileReference; lastKnownFileType = sourcecode.swift; path = BaseCoordinator.swift; sourceTree = "<group>"; };
		7BADA91725EE75E800624602 /* BaseCoordinatorTests.swift */ = {isa = PBXFileReference; lastKnownFileType = sourcecode.swift; path = BaseCoordinatorTests.swift; sourceTree = "<group>"; };
		7BADA91D25EFB36D00624602 /* AppCoordinator.swift */ = {isa = PBXFileReference; lastKnownFileType = sourcecode.swift; path = AppCoordinator.swift; sourceTree = "<group>"; };
		7BADA92125EFB70D00624602 /* CoordinatorFactoryProtocol.swift */ = {isa = PBXFileReference; lastKnownFileType = sourcecode.swift; path = CoordinatorFactoryProtocol.swift; sourceTree = "<group>"; };
		7BADA92625EFB88700624602 /* CoordinatorFactory.swift */ = {isa = PBXFileReference; lastKnownFileType = sourcecode.swift; path = CoordinatorFactory.swift; sourceTree = "<group>"; };
		7BADA92C25EFCD2C00624602 /* TabBarCoordinator.swift */ = {isa = PBXFileReference; lastKnownFileType = sourcecode.swift; path = TabBarCoordinator.swift; sourceTree = "<group>"; };
		7BADA93225EFD17300624602 /* TabBarController.swift */ = {isa = PBXFileReference; lastKnownFileType = sourcecode.swift; path = TabBarController.swift; sourceTree = "<group>"; };
		7BADA93825EFD20200624602 /* TabBarRoute.swift */ = {isa = PBXFileReference; lastKnownFileType = sourcecode.swift; path = TabBarRoute.swift; sourceTree = "<group>"; };
		7BADA93C25EFDB5A00624602 /* SearchCoordinator.swift */ = {isa = PBXFileReference; lastKnownFileType = sourcecode.swift; path = SearchCoordinator.swift; sourceTree = "<group>"; };
		7BADA94025F268F500624602 /* ModuleFactoryProtocol.swift */ = {isa = PBXFileReference; lastKnownFileType = sourcecode.swift; path = ModuleFactoryProtocol.swift; sourceTree = "<group>"; };
		7BADA94625F26EE300624602 /* ModuleFactory.swift */ = {isa = PBXFileReference; lastKnownFileType = sourcecode.swift; path = ModuleFactory.swift; sourceTree = "<group>"; };
		7BADA94B25F2895100624602 /* CoordinatorFactoryTests.swift */ = {isa = PBXFileReference; lastKnownFileType = sourcecode.swift; path = CoordinatorFactoryTests.swift; sourceTree = "<group>"; };
		7BADA95125F28A0700624602 /* MockRouter.swift */ = {isa = PBXFileReference; lastKnownFileType = sourcecode.swift; path = MockRouter.swift; sourceTree = "<group>"; };
		7BADA95525F290DC00624602 /* AppCoordinatorTests.swift */ = {isa = PBXFileReference; lastKnownFileType = sourcecode.swift; path = AppCoordinatorTests.swift; sourceTree = "<group>"; };
		7BADA95925F2915600624602 /* MockCoordinatorFactory.swift */ = {isa = PBXFileReference; lastKnownFileType = sourcecode.swift; path = MockCoordinatorFactory.swift; sourceTree = "<group>"; };
		7BADA95D25F291F800624602 /* MockCoordinator.swift */ = {isa = PBXFileReference; lastKnownFileType = sourcecode.swift; path = MockCoordinator.swift; sourceTree = "<group>"; };
/* End PBXFileReference section */

/* Begin PBXFrameworksBuildPhase section */
		7BADA8B725EA4E6E00624602 /* Frameworks */ = {
			isa = PBXFrameworksBuildPhase;
			buildActionMask = 2147483647;
			files = (
			);
			runOnlyForDeploymentPostprocessing = 0;
		};
		7BADA8D325EA542E00624602 /* Frameworks */ = {
			isa = PBXFrameworksBuildPhase;
			buildActionMask = 2147483647;
			files = (
			);
			runOnlyForDeploymentPostprocessing = 0;
		};
/* End PBXFrameworksBuildPhase section */

/* Begin PBXGroup section */
		7B3ECFB02609D01800A55580 /* Modules */ = {
			isa = PBXGroup;
			children = (
				7B3ECFB12609D02E00A55580 /* TabBarModule */,
			);
			path = Modules;
			sourceTree = "<group>";
		};
		7B3ECFB12609D02E00A55580 /* TabBarModule */ = {
			isa = PBXGroup;
			children = (
				7B3ECFB22609D04F00A55580 /* TabBarControllerTests.swift */,
			);
			path = TabBarModule;
			sourceTree = "<group>";
		};
		7BADA8B125EA4E6E00624602 = {
			isa = PBXGroup;
			children = (
				7BADA8BC25EA4E6E00624602 /* WhatToWatch */,
				7BADA8D725EA542E00624602 /* WhatToWatchTests */,
				7BADA8BB25EA4E6E00624602 /* Products */,
			);
			sourceTree = "<group>";
		};
		7BADA8BB25EA4E6E00624602 /* Products */ = {
			isa = PBXGroup;
			children = (
				7BADA8BA25EA4E6E00624602 /* WhatToWatch.app */,
				7BADA8D625EA542E00624602 /* WhatToWatchTests.xctest */,
			);
			name = Products;
			sourceTree = "<group>";
		};
		7BADA8BC25EA4E6E00624602 /* WhatToWatch */ = {
			isa = PBXGroup;
			children = (
				7BADA8EE25EA576400624602 /* Application */,
				7BADA8F125EA7DB300624602 /* Protocols */,
				7BADA92525EFB82F00624602 /* Factories */,
				7BADA8F225EA7DD100624602 /* Routers */,
				7BADA90F25EE627F00624602 /* Coordinators */,
				7BADA93025EFD00900624602 /* Modules */,
				7BADA8E725EA560F00624602 /* Resources */,
			);
			path = WhatToWatch;
			sourceTree = "<group>";
		};
		7BADA8D725EA542E00624602 /* WhatToWatchTests */ = {
			isa = PBXGroup;
			children = (
				7BADA94A25F2890E00624602 /* Factories */,
				7BADA8FF25EAC5FD00624602 /* Routers */,
				7BADA91625EE75AC00624602 /* Coordinators */,
				7B3ECFB02609D01800A55580 /* Modules */,
				7BADA90425EB87D200624602 /* TestDoubles */,
				7BADA8E625EA554900624602 /* Resources */,
			);
			path = WhatToWatchTests;
			sourceTree = "<group>";
		};
		7BADA8E625EA554900624602 /* Resources */ = {
			isa = PBXGroup;
			children = (
				7BADA8DA25EA542E00624602 /* Info.plist */,
			);
			path = Resources;
			sourceTree = "<group>";
		};
		7BADA8E725EA560F00624602 /* Resources */ = {
			isa = PBXGroup;
			children = (
				7BADA8C625EA4E6F00624602 /* Assets.xcassets */,
				7BADA8C825EA4E6F00624602 /* LaunchScreen.storyboard */,
				7BADA8CB25EA4E6F00624602 /* Info.plist */,
			);
			path = Resources;
			sourceTree = "<group>";
		};
		7BADA8EE25EA576400624602 /* Application */ = {
			isa = PBXGroup;
			children = (
				7BADA8BD25EA4E6E00624602 /* AppDelegate.swift */,
				7BADA8BF25EA4E6E00624602 /* SceneDelegate.swift */,
			);
			path = Application;
			sourceTree = "<group>";
		};
		7BADA8F125EA7DB300624602 /* Protocols */ = {
			isa = PBXGroup;
			children = (
				7BADA8F325EA7E7000624602 /* RouterProtocol.swift */,
				7BADA90B25EE609C00624602 /* CoordinatorProtocol.swift */,
				7BADA92125EFB70D00624602 /* CoordinatorFactoryProtocol.swift */,
				7BADA94025F268F500624602 /* ModuleFactoryProtocol.swift */,
				7BADA8FB25EAACCE00624602 /* Presentable.swift */,
			);
			path = Protocols;
			sourceTree = "<group>";
		};
		7BADA8F225EA7DD100624602 /* Routers */ = {
			isa = PBXGroup;
			children = (
				7BADA8F725EA7EBA00624602 /* Router.swift */,
			);
			path = Routers;
			sourceTree = "<group>";
		};
		7BADA8FF25EAC5FD00624602 /* Routers */ = {
			isa = PBXGroup;
			children = (
				7BADA90025EAC77300624602 /* RouterTests.swift */,
			);
			path = Routers;
			sourceTree = "<group>";
		};
		7BADA90425EB87D200624602 /* TestDoubles */ = {
			isa = PBXGroup;
			children = (
				7BADA95D25F291F800624602 /* MockCoordinator.swift */,
				7BADA95925F2915600624602 /* MockCoordinatorFactory.swift */,
				7B3EAABC260775C100883889 /* MockModuleFactory.swift */,
				7BADA90525EB88CD00624602 /* MockNavigationController.swift */,
				7BADA95125F28A0700624602 /* MockRouter.swift */,
			);
			path = TestDoubles;
			sourceTree = "<group>";
		};
		7BADA90F25EE627F00624602 /* Coordinators */ = {
			isa = PBXGroup;
			children = (
				7BADA91025EE62D100624602 /* BaseCoordinator.swift */,
				7BADA91D25EFB36D00624602 /* AppCoordinator.swift */,
				7BADA92C25EFCD2C00624602 /* TabBarCoordinator.swift */,
				7BADA93C25EFDB5A00624602 /* SearchCoordinator.swift */,
			);
			path = Coordinators;
			sourceTree = "<group>";
		};
		7BADA91625EE75AC00624602 /* Coordinators */ = {
			isa = PBXGroup;
			children = (
				7BADA91725EE75E800624602 /* BaseCoordinatorTests.swift */,
				7BADA95525F290DC00624602 /* AppCoordinatorTests.swift */,
				7B3EAAB426076EFC00883889 /* TabBarCoordinatorTests.swift */,
				7B3EAAB82607755E00883889 /* SearchCoordinatorTests.swift */,
			);
			path = Coordinators;
			sourceTree = "<group>";
		};
		7BADA92525EFB82F00624602 /* Factories */ = {
			isa = PBXGroup;
			children = (
				7BADA92625EFB88700624602 /* CoordinatorFactory.swift */,
				7BADA94625F26EE300624602 /* ModuleFactory.swift */,
			);
			path = Factories;
			sourceTree = "<group>";
		};
		7BADA93025EFD00900624602 /* Modules */ = {
			isa = PBXGroup;
			children = (
				7BADA93125EFD02F00624602 /* TabBarModule */,
			);
			path = Modules;
			sourceTree = "<group>";
		};
		7BADA93125EFD02F00624602 /* TabBarModule */ = {
			isa = PBXGroup;
			children = (
				7BADA93225EFD17300624602 /* TabBarController.swift */,
				7BADA93825EFD20200624602 /* TabBarRoute.swift */,
			);
			path = TabBarModule;
			sourceTree = "<group>";
		};
		7BADA94A25F2890E00624602 /* Factories */ = {
			isa = PBXGroup;
			children = (
				7B3EAAC026077A3400883889 /* ModuleFactoryTests.swift */,
				7BADA94B25F2895100624602 /* CoordinatorFactoryTests.swift */,
			);
			path = Factories;
			sourceTree = "<group>";
		};
/* End PBXGroup section */

/* Begin PBXNativeTarget section */
		7BADA8B925EA4E6E00624602 /* WhatToWatch */ = {
			isa = PBXNativeTarget;
			buildConfigurationList = 7BADA8CE25EA4E6F00624602 /* Build configuration list for PBXNativeTarget "WhatToWatch" */;
			buildPhases = (
				7BADA8B625EA4E6E00624602 /* Sources */,
				7BADA8B725EA4E6E00624602 /* Frameworks */,
				7BADA8B825EA4E6E00624602 /* Resources */,
			);
			buildRules = (
			);
			dependencies = (
			);
			name = WhatToWatch;
			productName = WhatToWatch;
			productReference = 7BADA8BA25EA4E6E00624602 /* WhatToWatch.app */;
			productType = "com.apple.product-type.application";
		};
		7BADA8D525EA542E00624602 /* WhatToWatchTests */ = {
			isa = PBXNativeTarget;
			buildConfigurationList = 7BADA8DD25EA542E00624602 /* Build configuration list for PBXNativeTarget "WhatToWatchTests" */;
			buildPhases = (
				7BADA8D225EA542E00624602 /* Sources */,
				7BADA8D325EA542E00624602 /* Frameworks */,
				7BADA8D425EA542E00624602 /* Resources */,
			);
			buildRules = (
			);
			dependencies = (
				7BADA8DC25EA542E00624602 /* PBXTargetDependency */,
			);
			name = WhatToWatchTests;
			productName = WhatToWatchTests;
			productReference = 7BADA8D625EA542E00624602 /* WhatToWatchTests.xctest */;
			productType = "com.apple.product-type.bundle.unit-test";
		};
/* End PBXNativeTarget section */

/* Begin PBXProject section */
		7BADA8B225EA4E6E00624602 /* Project object */ = {
			isa = PBXProject;
			attributes = {
				LastSwiftUpdateCheck = 1240;
				LastUpgradeCheck = 1240;
				TargetAttributes = {
					7BADA8B925EA4E6E00624602 = {
						CreatedOnToolsVersion = 12.4;
					};
					7BADA8D525EA542E00624602 = {
						CreatedOnToolsVersion = 12.4;
						LastSwiftMigration = 1240;
						TestTargetID = 7BADA8B925EA4E6E00624602;
					};
				};
			};
			buildConfigurationList = 7BADA8B525EA4E6E00624602 /* Build configuration list for PBXProject "WhatToWatch" */;
			compatibilityVersion = "Xcode 9.3";
			developmentRegion = en;
			hasScannedForEncodings = 0;
			knownRegions = (
				en,
				Base,
			);
			mainGroup = 7BADA8B125EA4E6E00624602;
			productRefGroup = 7BADA8BB25EA4E6E00624602 /* Products */;
			projectDirPath = "";
			projectRoot = "";
			targets = (
				7BADA8B925EA4E6E00624602 /* WhatToWatch */,
				7BADA8D525EA542E00624602 /* WhatToWatchTests */,
			);
		};
/* End PBXProject section */

/* Begin PBXResourcesBuildPhase section */
		7BADA8B825EA4E6E00624602 /* Resources */ = {
			isa = PBXResourcesBuildPhase;
			buildActionMask = 2147483647;
			files = (
				7BADA8CA25EA4E6F00624602 /* LaunchScreen.storyboard in Resources */,
				7BADA8C725EA4E6F00624602 /* Assets.xcassets in Resources */,
			);
			runOnlyForDeploymentPostprocessing = 0;
		};
		7BADA8D425EA542E00624602 /* Resources */ = {
			isa = PBXResourcesBuildPhase;
			buildActionMask = 2147483647;
			files = (
			);
			runOnlyForDeploymentPostprocessing = 0;
		};
/* End PBXResourcesBuildPhase section */

/* Begin PBXSourcesBuildPhase section */
		7BADA8B625EA4E6E00624602 /* Sources */ = {
			isa = PBXSourcesBuildPhase;
			buildActionMask = 2147483647;
			files = (
				7BADA92225EFB70D00624602 /* CoordinatorFactoryProtocol.swift in Sources */,
				7BADA8F825EA7EBA00624602 /* Router.swift in Sources */,
				7BADA8F425EA7E7000624602 /* RouterProtocol.swift in Sources */,
				7BADA90C25EE609C00624602 /* CoordinatorProtocol.swift in Sources */,
				7BADA8BE25EA4E6E00624602 /* AppDelegate.swift in Sources */,
				7BADA91E25EFB36D00624602 /* AppCoordinator.swift in Sources */,
				7BADA93D25EFDB5A00624602 /* SearchCoordinator.swift in Sources */,
				7BADA94125F268F500624602 /* ModuleFactoryProtocol.swift in Sources */,
				7BADA93925EFD20200624602 /* TabBarRoute.swift in Sources */,
				7BADA92D25EFCD2C00624602 /* TabBarCoordinator.swift in Sources */,
				7BADA91125EE62D100624602 /* BaseCoordinator.swift in Sources */,
				7BADA8FC25EAACCE00624602 /* Presentable.swift in Sources */,
				7BADA94725F26EE300624602 /* ModuleFactory.swift in Sources */,
				7BADA93325EFD17300624602 /* TabBarController.swift in Sources */,
				7BADA8C025EA4E6E00624602 /* SceneDelegate.swift in Sources */,
				7BADA92725EFB88700624602 /* CoordinatorFactory.swift in Sources */,
			);
			runOnlyForDeploymentPostprocessing = 0;
		};
		7BADA8D225EA542E00624602 /* Sources */ = {
			isa = PBXSourcesBuildPhase;
			buildActionMask = 2147483647;
			files = (
				7B3EAAC126077A3400883889 /* ModuleFactoryTests.swift in Sources */,
				7B3ECFB32609D04F00A55580 /* TabBarControllerTests.swift in Sources */,
				7B3EAAB526076EFC00883889 /* TabBarCoordinatorTests.swift in Sources */,
				7BADA95A25F2915600624602 /* MockCoordinatorFactory.swift in Sources */,
				7B3EAABD260775C100883889 /* MockModuleFactory.swift in Sources */,
				7BADA90125EAC77300624602 /* RouterTests.swift in Sources */,
				7BADA95225F28A0700624602 /* MockRouter.swift in Sources */,
				7B3EAAB92607755E00883889 /* SearchCoordinatorTests.swift in Sources */,
				7BADA95625F290DC00624602 /* AppCoordinatorTests.swift in Sources */,
				7BADA90625EB88CD00624602 /* MockNavigationController.swift in Sources */,
				7BADA91825EE75E800624602 /* BaseCoordinatorTests.swift in Sources */,
				7BADA95E25F291F800624602 /* MockCoordinator.swift in Sources */,
				7BADA94C25F2895100624602 /* CoordinatorFactoryTests.swift in Sources */,
			);
			runOnlyForDeploymentPostprocessing = 0;
		};
/* End PBXSourcesBuildPhase section */

/* Begin PBXTargetDependency section */
		7BADA8DC25EA542E00624602 /* PBXTargetDependency */ = {
			isa = PBXTargetDependency;
			target = 7BADA8B925EA4E6E00624602 /* WhatToWatch */;
			targetProxy = 7BADA8DB25EA542E00624602 /* PBXContainerItemProxy */;
		};
/* End PBXTargetDependency section */

/* Begin PBXVariantGroup section */
		7BADA8C825EA4E6F00624602 /* LaunchScreen.storyboard */ = {
			isa = PBXVariantGroup;
			children = (
				7BADA8C925EA4E6F00624602 /* Base */,
			);
			name = LaunchScreen.storyboard;
			sourceTree = "<group>";
		};
/* End PBXVariantGroup section */

/* Begin XCBuildConfiguration section */
		7BADA8CC25EA4E6F00624602 /* Debug */ = {
			isa = XCBuildConfiguration;
			buildSettings = {
				ALWAYS_SEARCH_USER_PATHS = NO;
				CLANG_ANALYZER_NONNULL = YES;
				CLANG_ANALYZER_NUMBER_OBJECT_CONVERSION = YES_AGGRESSIVE;
				CLANG_CXX_LANGUAGE_STANDARD = "gnu++14";
				CLANG_CXX_LIBRARY = "libc++";
				CLANG_ENABLE_MODULES = YES;
				CLANG_ENABLE_OBJC_ARC = YES;
				CLANG_ENABLE_OBJC_WEAK = YES;
				CLANG_WARN_BLOCK_CAPTURE_AUTORELEASING = YES;
				CLANG_WARN_BOOL_CONVERSION = YES;
				CLANG_WARN_COMMA = YES;
				CLANG_WARN_CONSTANT_CONVERSION = YES;
				CLANG_WARN_DEPRECATED_OBJC_IMPLEMENTATIONS = YES;
				CLANG_WARN_DIRECT_OBJC_ISA_USAGE = YES_ERROR;
				CLANG_WARN_DOCUMENTATION_COMMENTS = YES;
				CLANG_WARN_EMPTY_BODY = YES;
				CLANG_WARN_ENUM_CONVERSION = YES;
				CLANG_WARN_INFINITE_RECURSION = YES;
				CLANG_WARN_INT_CONVERSION = YES;
				CLANG_WARN_NON_LITERAL_NULL_CONVERSION = YES;
				CLANG_WARN_OBJC_IMPLICIT_RETAIN_SELF = YES;
				CLANG_WARN_OBJC_LITERAL_CONVERSION = YES;
				CLANG_WARN_OBJC_ROOT_CLASS = YES_ERROR;
				CLANG_WARN_QUOTED_INCLUDE_IN_FRAMEWORK_HEADER = YES;
				CLANG_WARN_RANGE_LOOP_ANALYSIS = YES;
				CLANG_WARN_STRICT_PROTOTYPES = YES;
				CLANG_WARN_SUSPICIOUS_MOVE = YES;
				CLANG_WARN_UNGUARDED_AVAILABILITY = YES_AGGRESSIVE;
				CLANG_WARN_UNREACHABLE_CODE = YES;
				CLANG_WARN__DUPLICATE_METHOD_MATCH = YES;
				COPY_PHASE_STRIP = NO;
				DEBUG_INFORMATION_FORMAT = dwarf;
				ENABLE_STRICT_OBJC_MSGSEND = YES;
				ENABLE_TESTABILITY = YES;
				GCC_C_LANGUAGE_STANDARD = gnu11;
				GCC_DYNAMIC_NO_PIC = NO;
				GCC_NO_COMMON_BLOCKS = YES;
				GCC_OPTIMIZATION_LEVEL = 0;
				GCC_PREPROCESSOR_DEFINITIONS = (
					"DEBUG=1",
					"$(inherited)",
				);
				GCC_WARN_64_TO_32_BIT_CONVERSION = YES;
				GCC_WARN_ABOUT_RETURN_TYPE = YES_ERROR;
				GCC_WARN_UNDECLARED_SELECTOR = YES;
				GCC_WARN_UNINITIALIZED_AUTOS = YES_AGGRESSIVE;
				GCC_WARN_UNUSED_FUNCTION = YES;
				GCC_WARN_UNUSED_VARIABLE = YES;
				IPHONEOS_DEPLOYMENT_TARGET = 14.4;
				MTL_ENABLE_DEBUG_INFO = INCLUDE_SOURCE;
				MTL_FAST_MATH = YES;
				ONLY_ACTIVE_ARCH = YES;
				SDKROOT = iphoneos;
				SWIFT_ACTIVE_COMPILATION_CONDITIONS = DEBUG;
				SWIFT_OPTIMIZATION_LEVEL = "-Onone";
			};
			name = Debug;
		};
		7BADA8CD25EA4E6F00624602 /* Release */ = {
			isa = XCBuildConfiguration;
			buildSettings = {
				ALWAYS_SEARCH_USER_PATHS = NO;
				CLANG_ANALYZER_NONNULL = YES;
				CLANG_ANALYZER_NUMBER_OBJECT_CONVERSION = YES_AGGRESSIVE;
				CLANG_CXX_LANGUAGE_STANDARD = "gnu++14";
				CLANG_CXX_LIBRARY = "libc++";
				CLANG_ENABLE_MODULES = YES;
				CLANG_ENABLE_OBJC_ARC = YES;
				CLANG_ENABLE_OBJC_WEAK = YES;
				CLANG_WARN_BLOCK_CAPTURE_AUTORELEASING = YES;
				CLANG_WARN_BOOL_CONVERSION = YES;
				CLANG_WARN_COMMA = YES;
				CLANG_WARN_CONSTANT_CONVERSION = YES;
				CLANG_WARN_DEPRECATED_OBJC_IMPLEMENTATIONS = YES;
				CLANG_WARN_DIRECT_OBJC_ISA_USAGE = YES_ERROR;
				CLANG_WARN_DOCUMENTATION_COMMENTS = YES;
				CLANG_WARN_EMPTY_BODY = YES;
				CLANG_WARN_ENUM_CONVERSION = YES;
				CLANG_WARN_INFINITE_RECURSION = YES;
				CLANG_WARN_INT_CONVERSION = YES;
				CLANG_WARN_NON_LITERAL_NULL_CONVERSION = YES;
				CLANG_WARN_OBJC_IMPLICIT_RETAIN_SELF = YES;
				CLANG_WARN_OBJC_LITERAL_CONVERSION = YES;
				CLANG_WARN_OBJC_ROOT_CLASS = YES_ERROR;
				CLANG_WARN_QUOTED_INCLUDE_IN_FRAMEWORK_HEADER = YES;
				CLANG_WARN_RANGE_LOOP_ANALYSIS = YES;
				CLANG_WARN_STRICT_PROTOTYPES = YES;
				CLANG_WARN_SUSPICIOUS_MOVE = YES;
				CLANG_WARN_UNGUARDED_AVAILABILITY = YES_AGGRESSIVE;
				CLANG_WARN_UNREACHABLE_CODE = YES;
				CLANG_WARN__DUPLICATE_METHOD_MATCH = YES;
				COPY_PHASE_STRIP = NO;
				DEBUG_INFORMATION_FORMAT = "dwarf-with-dsym";
				ENABLE_NS_ASSERTIONS = NO;
				ENABLE_STRICT_OBJC_MSGSEND = YES;
				GCC_C_LANGUAGE_STANDARD = gnu11;
				GCC_NO_COMMON_BLOCKS = YES;
				GCC_WARN_64_TO_32_BIT_CONVERSION = YES;
				GCC_WARN_ABOUT_RETURN_TYPE = YES_ERROR;
				GCC_WARN_UNDECLARED_SELECTOR = YES;
				GCC_WARN_UNINITIALIZED_AUTOS = YES_AGGRESSIVE;
				GCC_WARN_UNUSED_FUNCTION = YES;
				GCC_WARN_UNUSED_VARIABLE = YES;
				IPHONEOS_DEPLOYMENT_TARGET = 14.4;
				MTL_ENABLE_DEBUG_INFO = NO;
				MTL_FAST_MATH = YES;
				SDKROOT = iphoneos;
				SWIFT_COMPILATION_MODE = wholemodule;
				SWIFT_OPTIMIZATION_LEVEL = "-O";
				VALIDATE_PRODUCT = YES;
			};
			name = Release;
		};
		7BADA8CF25EA4E6F00624602 /* Debug */ = {
			isa = XCBuildConfiguration;
			buildSettings = {
				ASSETCATALOG_COMPILER_APPICON_NAME = AppIcon;
				ASSETCATALOG_COMPILER_GLOBAL_ACCENT_COLOR_NAME = AccentColor;
				CODE_SIGN_STYLE = Automatic;
				DEVELOPMENT_TEAM = H8D6PGJ92D;
				INFOPLIST_FILE = WhatToWatch/Resources/Info.plist;
				LD_RUNPATH_SEARCH_PATHS = (
					"$(inherited)",
					"@executable_path/Frameworks",
				);
				PRODUCT_BUNDLE_IDENTIFIER = ru.novitsky.WhatToWatch;
				PRODUCT_NAME = "$(TARGET_NAME)";
				SWIFT_VERSION = 5.0;
				TARGETED_DEVICE_FAMILY = "1,2";
			};
			name = Debug;
		};
		7BADA8D025EA4E6F00624602 /* Release */ = {
			isa = XCBuildConfiguration;
			buildSettings = {
				ASSETCATALOG_COMPILER_APPICON_NAME = AppIcon;
				ASSETCATALOG_COMPILER_GLOBAL_ACCENT_COLOR_NAME = AccentColor;
				CODE_SIGN_STYLE = Automatic;
				DEVELOPMENT_TEAM = H8D6PGJ92D;
				INFOPLIST_FILE = WhatToWatch/Resources/Info.plist;
				LD_RUNPATH_SEARCH_PATHS = (
					"$(inherited)",
					"@executable_path/Frameworks",
				);
				PRODUCT_BUNDLE_IDENTIFIER = ru.novitsky.WhatToWatch;
				PRODUCT_NAME = "$(TARGET_NAME)";
				SWIFT_VERSION = 5.0;
				TARGETED_DEVICE_FAMILY = "1,2";
			};
			name = Release;
		};
		7BADA8DE25EA542E00624602 /* Debug */ = {
			isa = XCBuildConfiguration;
			buildSettings = {
				BUNDLE_LOADER = "$(TEST_HOST)";
				CLANG_ENABLE_MODULES = YES;
				CODE_SIGN_STYLE = Automatic;
				DEVELOPMENT_TEAM = H8D6PGJ92D;
				INFOPLIST_FILE = WhatToWatchTests/Resources/Info.plist;
				LD_RUNPATH_SEARCH_PATHS = (
					"$(inherited)",
					"@executable_path/Frameworks",
					"@loader_path/Frameworks",
				);
				PRODUCT_BUNDLE_IDENTIFIER = ru.novitsky.WhatToWatchTests;
				PRODUCT_NAME = "$(TARGET_NAME)";
				SWIFT_OPTIMIZATION_LEVEL = "-Onone";
				SWIFT_VERSION = 5.0;
				TARGETED_DEVICE_FAMILY = "1,2";
				TEST_HOST = "$(BUILT_PRODUCTS_DIR)/WhatToWatch.app/WhatToWatch";
			};
			name = Debug;
		};
		7BADA8DF25EA542E00624602 /* Release */ = {
			isa = XCBuildConfiguration;
			buildSettings = {
				BUNDLE_LOADER = "$(TEST_HOST)";
				CLANG_ENABLE_MODULES = YES;
				CODE_SIGN_STYLE = Automatic;
				DEVELOPMENT_TEAM = H8D6PGJ92D;
				INFOPLIST_FILE = WhatToWatchTests/Resources/Info.plist;
				LD_RUNPATH_SEARCH_PATHS = (
					"$(inherited)",
					"@executable_path/Frameworks",
					"@loader_path/Frameworks",
				);
				PRODUCT_BUNDLE_IDENTIFIER = ru.novitsky.WhatToWatchTests;
				PRODUCT_NAME = "$(TARGET_NAME)";
				SWIFT_VERSION = 5.0;
				TARGETED_DEVICE_FAMILY = "1,2";
				TEST_HOST = "$(BUILT_PRODUCTS_DIR)/WhatToWatch.app/WhatToWatch";
			};
			name = Release;
		};
/* End XCBuildConfiguration section */

/* Begin XCConfigurationList section */
		7BADA8B525EA4E6E00624602 /* Build configuration list for PBXProject "WhatToWatch" */ = {
			isa = XCConfigurationList;
			buildConfigurations = (
				7BADA8CC25EA4E6F00624602 /* Debug */,
				7BADA8CD25EA4E6F00624602 /* Release */,
			);
			defaultConfigurationIsVisible = 0;
			defaultConfigurationName = Release;
		};
		7BADA8CE25EA4E6F00624602 /* Build configuration list for PBXNativeTarget "WhatToWatch" */ = {
			isa = XCConfigurationList;
			buildConfigurations = (
				7BADA8CF25EA4E6F00624602 /* Debug */,
				7BADA8D025EA4E6F00624602 /* Release */,
			);
			defaultConfigurationIsVisible = 0;
			defaultConfigurationName = Release;
		};
		7BADA8DD25EA542E00624602 /* Build configuration list for PBXNativeTarget "WhatToWatchTests" */ = {
			isa = XCConfigurationList;
			buildConfigurations = (
				7BADA8DE25EA542E00624602 /* Debug */,
				7BADA8DF25EA542E00624602 /* Release */,
			);
			defaultConfigurationIsVisible = 0;
			defaultConfigurationName = Release;
		};
/* End XCConfigurationList section */
	};
	rootObject = 7BADA8B225EA4E6E00624602 /* Project object */;
}
